
Microsoft Visual Studio Solution File, Format Version 12.00
# Visual Studio Version 17
VisualStudioVersion = 17.2.32630.192
MinimumVisualStudioVersion = 10.0.40219.1
Project("{FAE04EC0-301F-11D3-BF4B-00C04F79EFBC}") = "MyUserAPI", "MyUserAPI\MyUserAPI.csproj", "{08A1A393-C3BF-4DB2-A7EA-9F5696858DE9}"
EndProject
Global
	GlobalSection(SolutionConfigurationPlatforms) = preSolution
		Debug|Any CPU = Debug|Any CPU
		Release|Any CPU = Release|Any CPU
	EndGlobalSection
	GlobalSection(ProjectConfigurationPlatforms) = postSolution
		{08A1A393-C3BF-4DB2-A7EA-9F5696858DE9}.Debug|Any CPU.ActiveCfg = Debug|Any CPU
		{08A1A393-C3BF-4DB2-A7EA-9F5696858DE9}.Debug|Any CPU.Build.0 = Debug|Any CPU
		{08A1A393-C3BF-4DB2-A7EA-9F5696858DE9}.Release|Any CPU.ActiveCfg = Release|Any CPU
		{08A1A393-C3BF-4DB2-A7EA-9F5696858DE9}.Release|Any CPU.Build.0 = Release|Any CPU
	EndGlobalSection
	GlobalSection(SolutionProperties) = preSolution
		HideSolutionNode = FALSE
	EndGlobalSection
	GlobalSection(ExtensibilityGlobals) = postSolution
		SolutionGuid = {CF8B19BC-6B48-4A49-A38B-DAADC6A01807}
	EndGlobalSection
EndGlobal
